
Microsoft Visual Studio Solution File, Format Version 11.00
# Visual Studio 2010
Project("{FAE04EC0-301F-11D3-BF4B-00C04F79EFBC}") = "BN-MCMC", "BN-MCMC\BN-MCMC.csproj", "{4A16F32D-FF92-4586-B55A-204AA036AE6F}"
EndProject
Global
	GlobalSection(SolutionConfigurationPlatforms) = preSolution
		Debug|.NET 4.5 = Debug|.NET 4.5
		Debug|Any CPU = Debug|Any CPU
		Debug|Itanium = Debug|Itanium
		Release|.NET 4.5 = Release|.NET 4.5
		Release|Any CPU = Release|Any CPU
		Release|Itanium = Release|Itanium
	EndGlobalSection
	GlobalSection(ProjectConfigurationPlatforms) = postSolution
		{4A16F32D-FF92-4586-B55A-204AA036AE6F}.Debug|.NET 4.5.ActiveCfg = Debug|Any CPU
		{4A16F32D-FF92-4586-B55A-204AA036AE6F}.Debug|Any CPU.ActiveCfg = Debug|Any CPU
		{4A16F32D-FF92-4586-B55A-204AA036AE6F}.Debug|Any CPU.Build.0 = Debug|Any CPU
		{4A16F32D-FF92-4586-B55A-204AA036AE6F}.Debug|Itanium.ActiveCfg = Debug|Any CPU
		{4A16F32D-FF92-4586-B55A-204AA036AE6F}.Release|.NET 4.5.ActiveCfg = Release|Any CPU
		{4A16F32D-FF92-4586-B55A-204AA036AE6F}.Release|Any CPU.ActiveCfg = Release|Any CPU
		{4A16F32D-FF92-4586-B55A-204AA036AE6F}.Release|Any CPU.Build.0 = Release|Any CPU
		{4A16F32D-FF92-4586-B55A-204AA036AE6F}.Release|Itanium.ActiveCfg = Release|Any CPU
	EndGlobalSection
	GlobalSection(SolutionProperties) = preSolution
		HideSolutionNode = FALSE
	EndGlobalSection
EndGlobal
